
Microsoft Visual Studio Solution File, Format Version 12.00
# Visual Studio 14
VisualStudioVersion = 14.0.24720.0
MinimumVisualStudioVersion = 10.0.40219.1
Project("{FAE04EC0-301F-11D3-BF4B-00C04F79EFBC}") = "nname", "nname\nname.csproj", "{BCF3419C-AE4B-49CD-94AC-EA2C8627DB9C}"
EndProject
Project("{FAE04EC0-301F-11D3-BF4B-00C04F79EFBC}") = "dnlib", "..\Tools\dnlib\src\dnlib.csproj", "{FDFC1237-143F-4919-8318-4926901F4639}"
EndProject
Project("{FAE04EC0-301F-11D3-BF4B-00C04F79EFBC}") = "Mono.Cecil", "..\Tools\cecil\Mono.Cecil.csproj", "{D68133BD-1E63-496E-9EDE-4FBDBF77B486}"
EndProject
Global
	GlobalSection(SolutionConfigurationPlatforms) = preSolution
		Debug|Any CPU = Debug|Any CPU
		net_2_0_Release|Any CPU = net_2_0_Release|Any CPU
		net_3_5_Debug|Any CPU = net_3_5_Debug|Any CPU
		net_3_5_Release|Any CPU = net_3_5_Release|Any CPU
		net_4_0_Debug|Any CPU = net_4_0_Debug|Any CPU
		net_4_0_Release|Any CPU = net_4_0_Release|Any CPU
		net_4_5_Debug|Any CPU = net_4_5_Debug|Any CPU
		net_4_5_Release|Any CPU = net_4_5_Release|Any CPU
		pcl_Debug|Any CPU = pcl_Debug|Any CPU
		pcl_Release|Any CPU = pcl_Release|Any CPU
		Release|Any CPU = Release|Any CPU
	EndGlobalSection
	GlobalSection(ProjectConfigurationPlatforms) = postSolution
		{BCF3419C-AE4B-49CD-94AC-EA2C8627DB9C}.Debug|Any CPU.ActiveCfg = Debug|Any CPU
		{BCF3419C-AE4B-49CD-94AC-EA2C8627DB9C}.Debug|Any CPU.Build.0 = Debug|Any CPU
		{BCF3419C-AE4B-49CD-94AC-EA2C8627DB9C}.net_2_0_Release|Any CPU.ActiveCfg = Release|Any CPU
		{BCF3419C-AE4B-49CD-94AC-EA2C8627DB9C}.net_2_0_Release|Any CPU.Build.0 = Release|Any CPU
		{BCF3419C-AE4B-49CD-94AC-EA2C8627DB9C}.net_3_5_Debug|Any CPU.ActiveCfg = Debug|Any CPU
		{BCF3419C-AE4B-49CD-94AC-EA2C8627DB9C}.net_3_5_Debug|Any CPU.Build.0 = Debug|Any CPU
		{BCF3419C-AE4B-49CD-94AC-EA2C8627DB9C}.net_3_5_Release|Any CPU.ActiveCfg = Release|Any CPU
		{BCF3419C-AE4B-49CD-94AC-EA2C8627DB9C}.net_3_5_Release|Any CPU.Build.0 = Release|Any CPU
		{BCF3419C-AE4B-49CD-94AC-EA2C8627DB9C}.net_4_0_Debug|Any CPU.ActiveCfg = Debug|Any CPU
		{BCF3419C-AE4B-49CD-94AC-EA2C8627DB9C}.net_4_0_Debug|Any CPU.Build.0 = Debug|Any CPU
		{BCF3419C-AE4B-49CD-94AC-EA2C8627DB9C}.net_4_0_Release|Any CPU.ActiveCfg = Release|Any CPU
		{BCF3419C-AE4B-49CD-94AC-EA2C8627DB9C}.net_4_0_Release|Any CPU.Build.0 = Release|Any CPU
		{BCF3419C-AE4B-49CD-94AC-EA2C8627DB9C}.net_4_5_Debug|Any CPU.ActiveCfg = Debug|Any CPU
		{BCF3419C-AE4B-49CD-94AC-EA2C8627DB9C}.net_4_5_Debug|Any CPU.Build.0 = Debug|Any CPU
		{BCF3419C-AE4B-49CD-94AC-EA2C8627DB9C}.net_4_5_Release|Any CPU.ActiveCfg = Release|Any CPU
		{BCF3419C-AE4B-49CD-94AC-EA2C8627DB9C}.net_4_5_Release|Any CPU.Build.0 = Release|Any CPU
		{BCF3419C-AE4B-49CD-94AC-EA2C8627DB9C}.pcl_Debug|Any CPU.ActiveCfg = Debug|Any CPU
		{BCF3419C-AE4B-49CD-94AC-EA2C8627DB9C}.pcl_Debug|Any CPU.Build.0 = Debug|Any CPU
		{BCF3419C-AE4B-49CD-94AC-EA2C8627DB9C}.pcl_Release|Any CPU.ActiveCfg = Release|Any CPU
		{BCF3419C-AE4B-49CD-94AC-EA2C8627DB9C}.pcl_Release|Any CPU.Build.0 = Release|Any CPU
		{BCF3419C-AE4B-49CD-94AC-EA2C8627DB9C}.Release|Any CPU.ActiveCfg = Release|Any CPU
		{BCF3419C-AE4B-49CD-94AC-EA2C8627DB9C}.Release|Any CPU.Build.0 = Release|Any CPU
		{FDFC1237-143F-4919-8318-4926901F4639}.Debug|Any CPU.ActiveCfg = Debug|Any CPU
		{FDFC1237-143F-4919-8318-4926901F4639}.Debug|Any CPU.Build.0 = Debug|Any CPU
		{FDFC1237-143F-4919-8318-4926901F4639}.net_2_0_Release|Any CPU.ActiveCfg = Release|Any CPU
		{FDFC1237-143F-4919-8318-4926901F4639}.net_2_0_Release|Any CPU.Build.0 = Release|Any CPU
		{FDFC1237-143F-4919-8318-4926901F4639}.net_3_5_Debug|Any CPU.ActiveCfg = Debug|Any CPU
		{FDFC1237-143F-4919-8318-4926901F4639}.net_3_5_Debug|Any CPU.Build.0 = Debug|Any CPU
		{FDFC1237-143F-4919-8318-4926901F4639}.net_3_5_Release|Any CPU.ActiveCfg = Release|Any CPU
		{FDFC1237-143F-4919-8318-4926901F4639}.net_3_5_Release|Any CPU.Build.0 = Release|Any CPU
		{FDFC1237-143F-4919-8318-4926901F4639}.net_4_0_Debug|Any CPU.ActiveCfg = Debug|Any CPU
		{FDFC1237-143F-4919-8318-4926901F4639}.net_4_0_Debug|Any CPU.Build.0 = Debug|Any CPU
		{FDFC1237-143F-4919-8318-4926901F4639}.net_4_0_Release|Any CPU.ActiveCfg = Release|Any CPU
		{FDFC1237-143F-4919-8318-4926901F4639}.net_4_0_Release|Any CPU.Build.0 = Release|Any CPU
		{FDFC1237-143F-4919-8318-4926901F4639}.net_4_5_Debug|Any CPU.ActiveCfg = Debug|Any CPU
		{FDFC1237-143F-4919-8318-4926901F4639}.net_4_5_Debug|Any CPU.Build.0 = Debug|Any CPU
		{FDFC1237-143F-4919-8318-4926901F4639}.net_4_5_Release|Any CPU.ActiveCfg = Release|Any CPU
		{FDFC1237-143F-4919-8318-4926901F4639}.net_4_5_Release|Any CPU.Build.0 = Release|Any CPU
		{FDFC1237-143F-4919-8318-4926901F4639}.pcl_Debug|Any CPU.ActiveCfg = Debug|Any CPU
		{FDFC1237-143F-4919-8318-4926901F4639}.pcl_Debug|Any CPU.Build.0 = Debug|Any CPU
		{FDFC1237-143F-4919-8318-4926901F4639}.pcl_Release|Any CPU.ActiveCfg = Release|Any CPU
		{FDFC1237-143F-4919-8318-4926901F4639}.pcl_Release|Any CPU.Build.0 = Release|Any CPU
		{FDFC1237-143F-4919-8318-4926901F4639}.Release|Any CPU.ActiveCfg = Release|Any CPU
		{FDFC1237-143F-4919-8318-4926901F4639}.Release|Any CPU.Build.0 = Release|Any CPU
		{D68133BD-1E63-496E-9EDE-4FBDBF77B486}.Debug|Any CPU.ActiveCfg = pcl_Debug|Any CPU
		{D68133BD-1E63-496E-9EDE-4FBDBF77B486}.Debug|Any CPU.Build.0 = pcl_Debug|Any CPU
		{D68133BD-1E63-496E-9EDE-4FBDBF77B486}.net_2_0_Release|Any CPU.ActiveCfg = net_2_0_Release|Any CPU
		{D68133BD-1E63-496E-9EDE-4FBDBF77B486}.net_2_0_Release|Any CPU.Build.0 = net_2_0_Release|Any CPU
		{D68133BD-1E63-496E-9EDE-4FBDBF77B486}.net_3_5_Debug|Any CPU.ActiveCfg = net_3_5_Debug|Any CPU
		{D68133BD-1E63-496E-9EDE-4FBDBF77B486}.net_3_5_Debug|Any CPU.Build.0 = net_3_5_Debug|Any CPU
		{D68133BD-1E63-496E-9EDE-4FBDBF77B486}.net_3_5_Release|Any CPU.ActiveCfg = net_3_5_Release|Any CPU
		{D68133BD-1E63-496E-9EDE-4FBDBF77B486}.net_3_5_Release|Any CPU.Build.0 = net_3_5_Release|Any CPU
		{D68133BD-1E63-496E-9EDE-4FBDBF77B486}.net_4_0_Debug|Any CPU.ActiveCfg = net_4_0_Debug|Any CPU
		{D68133BD-1E63-496E-9EDE-4FBDBF77B486}.net_4_0_Debug|Any CPU.Build.0 = net_4_0_Debug|Any CPU
		{D68133BD-1E63-496E-9EDE-4FBDBF77B486}.net_4_0_Release|Any CPU.ActiveCfg = net_4_0_Release|Any CPU
		{D68133BD-1E63-496E-9EDE-4FBDBF77B486}.net_4_0_Release|Any CPU.Build.0 = net_4_0_Release|Any CPU
		{D68133BD-1E63-496E-9EDE-4FBDBF77B486}.net_4_5_Debug|Any CPU.ActiveCfg = net_4_5_Debug|Any CPU
		{D68133BD-1E63-496E-9EDE-4FBDBF77B486}.net_4_5_Debug|Any CPU.Build.0 = net_4_5_Debug|Any CPU
		{D68133BD-1E63-496E-9EDE-4FBDBF77B486}.net_4_5_Release|Any CPU.ActiveCfg = net_4_5_Release|Any CPU
		{D68133BD-1E63-496E-9EDE-4FBDBF77B486}.net_4_5_Release|Any CPU.Build.0 = net_4_5_Release|Any CPU
		{D68133BD-1E63-496E-9EDE-4FBDBF77B486}.pcl_Debug|Any CPU.ActiveCfg = pcl_Debug|Any CPU
		{D68133BD-1E63-496E-9EDE-4FBDBF77B486}.pcl_Debug|Any CPU.Build.0 = pcl_Debug|Any CPU
		{D68133BD-1E63-496E-9EDE-4FBDBF77B486}.pcl_Release|Any CPU.ActiveCfg = pcl_Release|Any CPU
		{D68133BD-1E63-496E-9EDE-4FBDBF77B486}.pcl_Release|Any CPU.Build.0 = pcl_Release|Any CPU
		{D68133BD-1E63-496E-9EDE-4FBDBF77B486}.Release|Any CPU.ActiveCfg = pcl_Release|Any CPU
		{D68133BD-1E63-496E-9EDE-4FBDBF77B486}.Release|Any CPU.Build.0 = pcl_Release|Any CPU
	EndGlobalSection
	GlobalSection(SolutionProperties) = preSolution
		HideSolutionNode = FALSE
	EndGlobalSection
EndGlobal
